
Microsoft Visual Studio Solution File, Format Version 12.00
# Visual Studio Version 17
VisualStudioVersion = 17.6.33801.468
MinimumVisualStudioVersion = 10.0.40219.1
Project("{FAE04EC0-301F-11D3-BF4B-00C04F79EFBC}") = "AdoçãoDeAnimais2023", "AdoçãoDeAnimais2023\AdoçãoDeAnimais2023.csproj", "{D9895589-05C9-4FB5-8FEA-1FD9B8BFC727}"
EndProject
Global
	GlobalSection(SolutionConfigurationPlatforms) = preSolution
		Debug|Any CPU = Debug|Any CPU
		Release|Any CPU = Release|Any CPU
	EndGlobalSection
	GlobalSection(ProjectConfigurationPlatforms) = postSolution
		{D9895589-05C9-4FB5-8FEA-1FD9B8BFC727}.Debug|Any CPU.ActiveCfg = Debug|Any CPU
		{D9895589-05C9-4FB5-8FEA-1FD9B8BFC727}.Debug|Any CPU.Build.0 = Debug|Any CPU
		{D9895589-05C9-4FB5-8FEA-1FD9B8BFC727}.Release|Any CPU.ActiveCfg = Release|Any CPU
		{D9895589-05C9-4FB5-8FEA-1FD9B8BFC727}.Release|Any CPU.Build.0 = Release|Any CPU
	EndGlobalSection
	GlobalSection(SolutionProperties) = preSolution
		HideSolutionNode = FALSE
	EndGlobalSection
	GlobalSection(ExtensibilityGlobals) = postSolution
		SolutionGuid = {1240E004-2B16-4B79-8686-55351D17026C}
	EndGlobalSection
EndGlobal
